
Microsoft Visual Studio Solution File, Format Version 12.00
# Visual Studio Version 17
VisualStudioVersion = 17.8.34330.188
MinimumVisualStudioVersion = 10.0.40219.1
Project("{FAE04EC0-301F-11D3-BF4B-00C04F79EFBC}") = "ProsperDaily", "ProsperDaily\ProsperDaily.csproj", "{FF449EC7-482E-43A8-BDBA-72D9911345CA}"
EndProject
Global
	GlobalSection(SolutionConfigurationPlatforms) = preSolution
		Debug|Any CPU = Debug|Any CPU
		Release|Any CPU = Release|Any CPU
	EndGlobalSection
	GlobalSection(ProjectConfigurationPlatforms) = postSolution
		{FF449EC7-482E-43A8-BDBA-72D9911345CA}.Debug|Any CPU.ActiveCfg = Debug|Any CPU
		{FF449EC7-482E-43A8-BDBA-72D9911345CA}.Debug|Any CPU.Build.0 = Debug|Any CPU
		{FF449EC7-482E-43A8-BDBA-72D9911345CA}.Debug|Any CPU.Deploy.0 = Debug|Any CPU
		{FF449EC7-482E-43A8-BDBA-72D9911345CA}.Release|Any CPU.ActiveCfg = Release|Any CPU
		{FF449EC7-482E-43A8-BDBA-72D9911345CA}.Release|Any CPU.Build.0 = Release|Any CPU
		{FF449EC7-482E-43A8-BDBA-72D9911345CA}.Release|Any CPU.Deploy.0 = Release|Any CPU
	EndGlobalSection
	GlobalSection(SolutionProperties) = preSolution
		HideSolutionNode = FALSE
	EndGlobalSection
	GlobalSection(ExtensibilityGlobals) = postSolution
		SolutionGuid = {C74FBA25-B659-409D-BF71-A3D868779960}
	EndGlobalSection
EndGlobal
